// !$*UTF8*$!
{
	archiveVersion = 1;
	classes = {
	};
	objectVersion = 46;
	objects = {

/* Begin PBXBuildFile section */
		1F20DA8C19DD04D100E6A09A /* Reachability.m in Sources */ = {isa = PBXBuildFile; fileRef = 1F20DA8A19DD04D100E6A09A /* Reachability.m */; };
		1F3E6AC519DD15BB0072D77E /* Blank.png in Resources */ = {isa = PBXBuildFile; fileRef = 1F3E6AC419DD15BB0072D77E /* Blank.png */; };
		1F86377119DB7C4D006D369F /* Accounts.framework in Frameworks */ = {isa = PBXBuildFile; fileRef = 1F86377019DB7C4D006D369F /* Accounts.framework */; };
		1F86377319DB7C53006D369F /* Social.framework in Frameworks */ = {isa = PBXBuildFile; fileRef = 1F86377219DB7C53006D369F /* Social.framework */; };
		1F86377619DB806C006D369F /* Constants.m in Sources */ = {isa = PBXBuildFile; fileRef = 1F86377519DB806C006D369F /* Constants.m */; };
		1F86377919DB9631006D369F /* Tweet.m in Sources */ = {isa = PBXBuildFile; fileRef = 1F86377819DB9631006D369F /* Tweet.m */; };
		1F86377C19DB9661006D369F /* DetailsViewController.m in Sources */ = {isa = PBXBuildFile; fileRef = 1F86377B19DB9661006D369F /* DetailsViewController.m */; };
		1F86377F19DB96A7006D369F /* SavedTweetsList.m in Sources */ = {isa = PBXBuildFile; fileRef = 1F86377E19DB96A7006D369F /* SavedTweetsList.m */; };
		1F9F928F19DA59A900E2600A /* Foundation.framework in Frameworks */ = {isa = PBXBuildFile; fileRef = 1F9F928E19DA59A900E2600A /* Foundation.framework */; };
		1F9F929119DA59A900E2600A /* CoreGraphics.framework in Frameworks */ = {isa = PBXBuildFile; fileRef = 1F9F929019DA59A900E2600A /* CoreGraphics.framework */; };
		1F9F929319DA59A900E2600A /* UIKit.framework in Frameworks */ = {isa = PBXBuildFile; fileRef = 1F9F929219DA59A900E2600A /* UIKit.framework */; };
		1F9F929519DA59A900E2600A /* CoreData.framework in Frameworks */ = {isa = PBXBuildFile; fileRef = 1F9F929419DA59A900E2600A /* CoreData.framework */; };
		1F9F929B19DA59A900E2600A /* InfoPlist.strings in Resources */ = {isa = PBXBuildFile; fileRef = 1F9F929919DA59A900E2600A /* InfoPlist.strings */; };
		1F9F929D19DA59A900E2600A /* main.m in Sources */ = {isa = PBXBuildFile; fileRef = 1F9F929C19DA59A900E2600A /* main.m */; };
		1F9F92A119DA59A900E2600A /* AppDelegate.m in Sources */ = {isa = PBXBuildFile; fileRef = 1F9F92A019DA59A900E2600A /* AppDelegate.m */; };
		1F9F92A419DA59A900E2600A /* SearchAndSaveTweet.xcdatamodeld in Sources */ = {isa = PBXBuildFile; fileRef = 1F9F92A219DA59A900E2600A /* SearchAndSaveTweet.xcdatamodeld */; };
		1F9F92A619DA59A900E2600A /* Images.xcassets in Resources */ = {isa = PBXBuildFile; fileRef = 1F9F92A519DA59A900E2600A /* Images.xcassets */; };
		1F9F92AD19DA59A900E2600A /* XCTest.framework in Frameworks */ = {isa = PBXBuildFile; fileRef = 1F9F92AC19DA59A900E2600A /* XCTest.framework */; };
		1F9F92AE19DA59A900E2600A /* Foundation.framework in Frameworks */ = {isa = PBXBuildFile; fileRef = 1F9F928E19DA59A900E2600A /* Foundation.framework */; };
		1F9F92AF19DA59A900E2600A /* UIKit.framework in Frameworks */ = {isa = PBXBuildFile; fileRef = 1F9F929219DA59A900E2600A /* UIKit.framework */; };
		1F9F92B019DA59A900E2600A /* CoreData.framework in Frameworks */ = {isa = PBXBuildFile; fileRef = 1F9F929419DA59A900E2600A /* CoreData.framework */; };
		1F9F92B819DA59A900E2600A /* InfoPlist.strings in Resources */ = {isa = PBXBuildFile; fileRef = 1F9F92B619DA59A900E2600A /* InfoPlist.strings */; };
		1F9F92BA19DA59A900E2600A /* SearchAndSaveTweetTests.m in Sources */ = {isa = PBXBuildFile; fileRef = 1F9F92B919DA59A900E2600A /* SearchAndSaveTweetTests.m */; };
		1F9F92C419DA59DB00E2600A /* Main_iPhone.storyboard in Resources */ = {isa = PBXBuildFile; fileRef = 1F9F92C319DA59DB00E2600A /* Main_iPhone.storyboard */; };
		1F9F92C619DA59F100E2600A /* Main_iPad.storyboard in Resources */ = {isa = PBXBuildFile; fileRef = 1F9F92C519DA59F100E2600A /* Main_iPad.storyboard */; };
		1F9F92C919DA5A6700E2600A /* SearchViewController.m in Sources */ = {isa = PBXBuildFile; fileRef = 1F9F92C819DA5A6700E2600A /* SearchViewController.m */; };
		85BEC473B708567E6FFA40B5 /* libPods-SearchAndSaveTweet.a in Frameworks */ = {isa = PBXBuildFile; fileRef = 0D055B3BD91AA75DED3EC9D8 /* libPods-SearchAndSaveTweet.a */; };
/* End PBXBuildFile section */

/* Begin PBXContainerItemProxy section */
		1F9F92B119DA59A900E2600A /* PBXContainerItemProxy */ = {
			isa = PBXContainerItemProxy;
			containerPortal = 1F9F928319DA59A900E2600A /* Project object */;
			proxyType = 1;
			remoteGlobalIDString = 1F9F928A19DA59A900E2600A;
			remoteInfo = SearchAndSaveTweet;
		};
/* End PBXContainerItemProxy section */

/* Begin PBXFileReference section */
		0D055B3BD91AA75DED3EC9D8 /* libPods-SearchAndSaveTweet.a */ = {isa = PBXFileReference; explicitFileType = archive.ar; includeInIndex = 0; path = "libPods-SearchAndSaveTweet.a"; sourceTree = BUILT_PRODUCTS_DIR; };
		1F20DA8A19DD04D100E6A09A /* Reachability.m */ = {isa = PBXFileReference; fileEncoding = 4; lastKnownFileType = sourcecode.c.objc; path = Reachability.m; sourceTree = "<group>"; };
		1F20DA8B19DD04D100E6A09A /* Reachability.h */ = {isa = PBXFileReference; fileEncoding = 4; lastKnownFileType = sourcecode.c.h; path = Reachability.h; sourceTree = "<group>"; };
		1F3E6AC419DD15BB0072D77E /* Blank.png */ = {isa = PBXFileReference; lastKnownFileType = image.png; path = Blank.png; sourceTree = "<group>"; };
		1F86377019DB7C4D006D369F /* Accounts.framework */ = {isa = PBXFileReference; lastKnownFileType = wrapper.framework; name = Accounts.framework; path = System/Library/Frameworks/Accounts.framework; sourceTree = SDKROOT; };
		1F86377219DB7C53006D369F /* Social.framework */ = {isa = PBXFileReference; lastKnownFileType = wrapper.framework; name = Social.framework; path = System/Library/Frameworks/Social.framework; sourceTree = SDKROOT; };
		1F86377419DB806C006D369F /* Constants.h */ = {isa = PBXFileReference; fileEncoding = 4; lastKnownFileType = sourcecode.c.h; path = Constants.h; sourceTree = "<group>"; };
		1F86377519DB806C006D369F /* Constants.m */ = {isa = PBXFileReference; fileEncoding = 4; lastKnownFileType = sourcecode.c.objc; path = Constants.m; sourceTree = "<group>"; };
		1F86377719DB9631006D369F /* Tweet.h */ = {isa = PBXFileReference; fileEncoding = 4; lastKnownFileType = sourcecode.c.h; path = Tweet.h; sourceTree = "<group>"; };
		1F86377819DB9631006D369F /* Tweet.m */ = {isa = PBXFileReference; fileEncoding = 4; lastKnownFileType = sourcecode.c.objc; path = Tweet.m; sourceTree = "<group>"; };
		1F86377A19DB9661006D369F /* DetailsViewController.h */ = {isa = PBXFileReference; fileEncoding = 4; lastKnownFileType = sourcecode.c.h; path = DetailsViewController.h; sourceTree = "<group>"; };
		1F86377B19DB9661006D369F /* DetailsViewController.m */ = {isa = PBXFileReference; fileEncoding = 4; lastKnownFileType = sourcecode.c.objc; path = DetailsViewController.m; sourceTree = "<group>"; };
		1F86377D19DB96A7006D369F /* SavedTweetsList.h */ = {isa = PBXFileReference; fileEncoding = 4; lastKnownFileType = sourcecode.c.h; path = SavedTweetsList.h; sourceTree = "<group>"; };
		1F86377E19DB96A7006D369F /* SavedTweetsList.m */ = {isa = PBXFileReference; fileEncoding = 4; lastKnownFileType = sourcecode.c.objc; path = SavedTweetsList.m; sourceTree = "<group>"; };
		1F9F928B19DA59A900E2600A /* SearchAndSaveTweet.app */ = {isa = PBXFileReference; explicitFileType = wrapper.application; includeInIndex = 0; path = SearchAndSaveTweet.app; sourceTree = BUILT_PRODUCTS_DIR; };
		1F9F928E19DA59A900E2600A /* Foundation.framework */ = {isa = PBXFileReference; lastKnownFileType = wrapper.framework; name = Foundation.framework; path = System/Library/Frameworks/Foundation.framework; sourceTree = SDKROOT; };
		1F9F929019DA59A900E2600A /* CoreGraphics.framework */ = {isa = PBXFileReference; lastKnownFileType = wrapper.framework; name = CoreGraphics.framework; path = System/Library/Frameworks/CoreGraphics.framework; sourceTree = SDKROOT; };
		1F9F929219DA59A900E2600A /* UIKit.framework */ = {isa = PBXFileReference; lastKnownFileType = wrapper.framework; name = UIKit.framework; path = System/Library/Frameworks/UIKit.framework; sourceTree = SDKROOT; };
		1F9F929419DA59A900E2600A /* CoreData.framework */ = {isa = PBXFileReference; lastKnownFileType = wrapper.framework; name = CoreData.framework; path = System/Library/Frameworks/CoreData.framework; sourceTree = SDKROOT; };
		1F9F929819DA59A900E2600A /* SearchAndSaveTweet-Info.plist */ = {isa = PBXFileReference; lastKnownFileType = text.plist.xml; path = "SearchAndSaveTweet-Info.plist"; sourceTree = "<group>"; };
		1F9F929A19DA59A900E2600A /* en */ = {isa = PBXFileReference; lastKnownFileType = text.plist.strings; name = en; path = en.lproj/InfoPlist.strings; sourceTree = "<group>"; };
		1F9F929C19DA59A900E2600A /* main.m */ = {isa = PBXFileReference; lastKnownFileType = sourcecode.c.objc; path = main.m; sourceTree = "<group>"; };
		1F9F929E19DA59A900E2600A /* SearchAndSaveTweet-Prefix.pch */ = {isa = PBXFileReference; lastKnownFileType = sourcecode.c.h; path = "SearchAndSaveTweet-Prefix.pch"; sourceTree = "<group>"; };
		1F9F929F19DA59A900E2600A /* AppDelegate.h */ = {isa = PBXFileReference; lastKnownFileType = sourcecode.c.h; path = AppDelegate.h; sourceTree = "<group>"; };
		1F9F92A019DA59A900E2600A /* AppDelegate.m */ = {isa = PBXFileReference; lastKnownFileType = sourcecode.c.objc; path = AppDelegate.m; sourceTree = "<group>"; };
		1F9F92A319DA59A900E2600A /* SearchAndSaveTweet.xcdatamodel */ = {isa = PBXFileReference; lastKnownFileType = wrapper.xcdatamodel; path = SearchAndSaveTweet.xcdatamodel; sourceTree = "<group>"; };
		1F9F92A519DA59A900E2600A /* Images.xcassets */ = {isa = PBXFileReference; lastKnownFileType = folder.assetcatalog; path = Images.xcassets; sourceTree = "<group>"; };
		1F9F92AB19DA59A900E2600A /* SearchAndSaveTweetTests.xctest */ = {isa = PBXFileReference; explicitFileType = wrapper.cfbundle; includeInIndex = 0; path = SearchAndSaveTweetTests.xctest; sourceTree = BUILT_PRODUCTS_DIR; };
		1F9F92AC19DA59A900E2600A /* XCTest.framework */ = {isa = PBXFileReference; lastKnownFileType = wrapper.framework; name = XCTest.framework; path = Library/Frameworks/XCTest.framework; sourceTree = DEVELOPER_DIR; };
		1F9F92B519DA59A900E2600A /* SearchAndSaveTweetTests-Info.plist */ = {isa = PBXFileReference; lastKnownFileType = text.plist.xml; path = "SearchAndSaveTweetTests-Info.plist"; sourceTree = "<group>"; };
		1F9F92B719DA59A900E2600A /* en */ = {isa = PBXFileReference; lastKnownFileType = text.plist.strings; name = en; path = en.lproj/InfoPlist.strings; sourceTree = "<group>"; };
		1F9F92B919DA59A900E2600A /* SearchAndSaveTweetTests.m */ = {isa = PBXFileReference; lastKnownFileType = sourcecode.c.objc; path = SearchAndSaveTweetTests.m; sourceTree = "<group>"; };
		1F9F92C319DA59DB00E2600A /* Main_iPhone.storyboard */ = {isa = PBXFileReference; fileEncoding = 4; lastKnownFileType = file.storyboard; path = Main_iPhone.storyboard; sourceTree = "<group>"; };
		1F9F92C519DA59F100E2600A /* Main_iPad.storyboard */ = {isa = PBXFileReference; fileEncoding = 4; lastKnownFileType = file.storyboard; path = Main_iPad.storyboard; sourceTree = "<group>"; };
		1F9F92C719DA5A6700E2600A /* SearchViewController.h */ = {isa = PBXFileReference; fileEncoding = 4; lastKnownFileType = sourcecode.c.h; path = SearchViewController.h; sourceTree = "<group>"; };
		1F9F92C819DA5A6700E2600A /* SearchViewController.m */ = {isa = PBXFileReference; fileEncoding = 4; lastKnownFileType = sourcecode.c.objc; path = SearchViewController.m; sourceTree = "<group>"; };
		61DF26BE2DDAD8F7CE498860 /* Pods-SearchAndSaveTweet.release.xcconfig */ = {isa = PBXFileReference; includeInIndex = 1; lastKnownFileType = text.xcconfig; name = "Pods-SearchAndSaveTweet.release.xcconfig"; path = "Pods/Target Support Files/Pods-SearchAndSaveTweet/Pods-SearchAndSaveTweet.release.xcconfig"; sourceTree = "<group>"; };
		715F0C5BC87A18E83688BEF9 /* Pods-SearchAndSaveTweet.debug.xcconfig */ = {isa = PBXFileReference; includeInIndex = 1; lastKnownFileType = text.xcconfig; name = "Pods-SearchAndSaveTweet.debug.xcconfig"; path = "Pods/Target Support Files/Pods-SearchAndSaveTweet/Pods-SearchAndSaveTweet.debug.xcconfig"; sourceTree = "<group>"; };
/* End PBXFileReference section */

/* Begin PBXFrameworksBuildPhase section */
		1F9F928819DA59A900E2600A /* Frameworks */ = {
			isa = PBXFrameworksBuildPhase;
			buildActionMask = 2147483647;
			files = (
				1F86377319DB7C53006D369F /* Social.framework in Frameworks */,
				1F86377119DB7C4D006D369F /* Accounts.framework in Frameworks */,
				1F9F929119DA59A900E2600A /* CoreGraphics.framework in Frameworks */,
				1F9F929519DA59A900E2600A /* CoreData.framework in Frameworks */,
				1F9F929319DA59A900E2600A /* UIKit.framework in Frameworks */,
				1F9F928F19DA59A900E2600A /* Foundation.framework in Frameworks */,
				85BEC473B708567E6FFA40B5 /* libPods-SearchAndSaveTweet.a in Frameworks */,
			);
			runOnlyForDeploymentPostprocessing = 0;
		};
		1F9F92A819DA59A900E2600A /* Frameworks */ = {
			isa = PBXFrameworksBuildPhase;
			buildActionMask = 2147483647;
			files = (
				1F9F92AD19DA59A900E2600A /* XCTest.framework in Frameworks */,
				1F9F92B019DA59A900E2600A /* CoreData.framework in Frameworks */,
				1F9F92AF19DA59A900E2600A /* UIKit.framework in Frameworks */,
				1F9F92AE19DA59A900E2600A /* Foundation.framework in Frameworks */,
			);
			runOnlyForDeploymentPostprocessing = 0;
		};
/* End PBXFrameworksBuildPhase section */

/* Begin PBXGroup section */
		1F9F928219DA59A900E2600A = {
			isa = PBXGroup;
			children = (
				1F9F929619DA59A900E2600A /* SearchAndSaveTweet */,
				1F9F92B319DA59A900E2600A /* SearchAndSaveTweetTests */,
				1F9F928D19DA59A900E2600A /* Frameworks */,
				1F9F928C19DA59A900E2600A /* Products */,
				9F03D44432F4CF97741FBD09 /* Pods */,
			);
			sourceTree = "<group>";
		};
		1F9F928C19DA59A900E2600A /* Products */ = {
			isa = PBXGroup;
			children = (
				1F9F928B19DA59A900E2600A /* SearchAndSaveTweet.app */,
				1F9F92AB19DA59A900E2600A /* SearchAndSaveTweetTests.xctest */,
			);
			name = Products;
			sourceTree = "<group>";
		};
		1F9F928D19DA59A900E2600A /* Frameworks */ = {
			isa = PBXGroup;
			children = (
				1F86377219DB7C53006D369F /* Social.framework */,
				1F86377019DB7C4D006D369F /* Accounts.framework */,
				1F9F928E19DA59A900E2600A /* Foundation.framework */,
				1F9F929019DA59A900E2600A /* CoreGraphics.framework */,
				1F9F929219DA59A900E2600A /* UIKit.framework */,
				1F9F929419DA59A900E2600A /* CoreData.framework */,
				1F9F92AC19DA59A900E2600A /* XCTest.framework */,
				0D055B3BD91AA75DED3EC9D8 /* libPods-SearchAndSaveTweet.a */,
			);
			name = Frameworks;
			sourceTree = "<group>";
		};
		1F9F929619DA59A900E2600A /* SearchAndSaveTweet */ = {
			isa = PBXGroup;
			children = (
				1F9F929F19DA59A900E2600A /* AppDelegate.h */,
				1F9F92A019DA59A900E2600A /* AppDelegate.m */,
				1F86377719DB9631006D369F /* Tweet.h */,
				1F86377819DB9631006D369F /* Tweet.m */,
				1F9F92C719DA5A6700E2600A /* SearchViewController.h */,
				1F9F92C819DA5A6700E2600A /* SearchViewController.m */,
				1F86377D19DB96A7006D369F /* SavedTweetsList.h */,
				1F86377E19DB96A7006D369F /* SavedTweetsList.m */,
				1F86377A19DB9661006D369F /* DetailsViewController.h */,
				1F86377B19DB9661006D369F /* DetailsViewController.m */,
				1F9F92A519DA59A900E2600A /* Images.xcassets */,
				1F9F92A219DA59A900E2600A /* SearchAndSaveTweet.xcdatamodeld */,
				1F9F929719DA59A900E2600A /* Supporting Files */,
				1F9F92C319DA59DB00E2600A /* Main_iPhone.storyboard */,
				1F9F92C519DA59F100E2600A /* Main_iPad.storyboard */,
				1F86377419DB806C006D369F /* Constants.h */,
				1F86377519DB806C006D369F /* Constants.m */,
				1F20DA8A19DD04D100E6A09A /* Reachability.m */,
				1F20DA8B19DD04D100E6A09A /* Reachability.h */,
			);
			path = SearchAndSaveTweet;
			sourceTree = "<group>";
		};
		1F9F929719DA59A900E2600A /* Supporting Files */ = {
			isa = PBXGroup;
			children = (
				1F3E6AC419DD15BB0072D77E /* Blank.png */,
				1F9F929819DA59A900E2600A /* SearchAndSaveTweet-Info.plist */,
				1F9F929919DA59A900E2600A /* InfoPlist.strings */,
				1F9F929C19DA59A900E2600A /* main.m */,
				1F9F929E19DA59A900E2600A /* SearchAndSaveTweet-Prefix.pch */,
			);
			name = "Supporting Files";
			sourceTree = "<group>";
		};
		1F9F92B319DA59A900E2600A /* SearchAndSaveTweetTests */ = {
			isa = PBXGroup;
			children = (
				1F9F92B919DA59A900E2600A /* SearchAndSaveTweetTests.m */,
				1F9F92B419DA59A900E2600A /* Supporting Files */,
			);
			path = SearchAndSaveTweetTests;
			sourceTree = "<group>";
		};
		1F9F92B419DA59A900E2600A /* Supporting Files */ = {
			isa = PBXGroup;
			children = (
				1F9F92B519DA59A900E2600A /* SearchAndSaveTweetTests-Info.plist */,
				1F9F92B619DA59A900E2600A /* InfoPlist.strings */,
			);
			name = "Supporting Files";
			sourceTree = "<group>";
		};
		9F03D44432F4CF97741FBD09 /* Pods */ = {
			isa = PBXGroup;
			children = (
				715F0C5BC87A18E83688BEF9 /* Pods-SearchAndSaveTweet.debug.xcconfig */,
				61DF26BE2DDAD8F7CE498860 /* Pods-SearchAndSaveTweet.release.xcconfig */,
			);
			name = Pods;
			sourceTree = "<group>";
		};
/* End PBXGroup section */

/* Begin PBXNativeTarget section */
		1F9F928A19DA59A900E2600A /* SearchAndSaveTweet */ = {
			isa = PBXNativeTarget;
			buildConfigurationList = 1F9F92BD19DA59A900E2600A /* Build configuration list for PBXNativeTarget "SearchAndSaveTweet" */;
			buildPhases = (
				219CBD61E067F15096F3A27D /* Check Pods Manifest.lock */,
				1F9F928719DA59A900E2600A /* Sources */,
				1F9F928819DA59A900E2600A /* Frameworks */,
				1F9F928919DA59A900E2600A /* Resources */,
				586FB6AA5A53DAC2D77E53FD /* Copy Pods Resources */,
			);
			buildRules = (
			);
			dependencies = (
			);
			name = SearchAndSaveTweet;
			productName = SearchAndSaveTweet;
			productReference = 1F9F928B19DA59A900E2600A /* SearchAndSaveTweet.app */;
			productType = "com.apple.product-type.application";
		};
		1F9F92AA19DA59A900E2600A /* SearchAndSaveTweetTests */ = {
			isa = PBXNativeTarget;
			buildConfigurationList = 1F9F92C019DA59A900E2600A /* Build configuration list for PBXNativeTarget "SearchAndSaveTweetTests" */;
			buildPhases = (
				1F9F92A719DA59A900E2600A /* Sources */,
				1F9F92A819DA59A900E2600A /* Frameworks */,
				1F9F92A919DA59A900E2600A /* Resources */,
			);
			buildRules = (
			);
			dependencies = (
				1F9F92B219DA59A900E2600A /* PBXTargetDependency */,
			);
			name = SearchAndSaveTweetTests;
			productName = SearchAndSaveTweetTests;
			productReference = 1F9F92AB19DA59A900E2600A /* SearchAndSaveTweetTests.xctest */;
			productType = "com.apple.product-type.bundle.unit-test";
		};
/* End PBXNativeTarget section */

/* Begin PBXProject section */
		1F9F928319DA59A900E2600A /* Project object */ = {
			isa = PBXProject;
			attributes = {
				LastUpgradeCheck = 0510;
				ORGANIZATIONNAME = OpenSource;
				TargetAttributes = {
					1F9F92AA19DA59A900E2600A = {
						TestTargetID = 1F9F928A19DA59A900E2600A;
					};
				};
			};
			buildConfigurationList = 1F9F928619DA59A900E2600A /* Build configuration list for PBXProject "SearchAndSaveTweet" */;
			compatibilityVersion = "Xcode 3.2";
			developmentRegion = English;
			hasScannedForEncodings = 0;
			knownRegions = (
				en,
			);
			mainGroup = 1F9F928219DA59A900E2600A;
			productRefGroup = 1F9F928C19DA59A900E2600A /* Products */;
			projectDirPath = "";
			projectRoot = "";
			targets = (
				1F9F928A19DA59A900E2600A /* SearchAndSaveTweet */,
				1F9F92AA19DA59A900E2600A /* SearchAndSaveTweetTests */,
			);
		};
/* End PBXProject section */

/* Begin PBXResourcesBuildPhase section */
		1F9F928919DA59A900E2600A /* Resources */ = {
			isa = PBXResourcesBuildPhase;
			buildActionMask = 2147483647;
			files = (
				1F9F929B19DA59A900E2600A /* InfoPlist.strings in Resources */,
				1F3E6AC519DD15BB0072D77E /* Blank.png in Resources */,
				1F9F92C619DA59F100E2600A /* Main_iPad.storyboard in Resources */,
				1F9F92A619DA59A900E2600A /* Images.xcassets in Resources */,
				1F9F92C419DA59DB00E2600A /* Main_iPhone.storyboard in Resources */,
			);
			runOnlyForDeploymentPostprocessing = 0;
		};
		1F9F92A919DA59A900E2600A /* Resources */ = {
			isa = PBXResourcesBuildPhase;
			buildActionMask = 2147483647;
			files = (
				1F9F92B819DA59A900E2600A /* InfoPlist.strings in Resources */,
			);
			runOnlyForDeploymentPostprocessing = 0;
		};
/* End PBXResourcesBuildPhase section */

/* Begin PBXShellScriptBuildPhase section */
		219CBD61E067F15096F3A27D /* Check Pods Manifest.lock */ = {
			isa = PBXShellScriptBuildPhase;
			buildActionMask = 2147483647;
			files = (
			);
			inputPaths = (
			);
			name = "Check Pods Manifest.lock";
			outputPaths = (
			);
			runOnlyForDeploymentPostprocessing = 0;
			shellPath = /bin/sh;
			shellScript = "diff \"${PODS_ROOT}/../Podfile.lock\" \"${PODS_ROOT}/Manifest.lock\" > /dev/null\nif [[ $? != 0 ]] ; then\n    cat << EOM\nerror: The sandbox is not in sync with the Podfile.lock. Run 'pod install' or update your CocoaPods installation.\nEOM\n    exit 1\nfi\n";
			showEnvVarsInLog = 0;
		};
		586FB6AA5A53DAC2D77E53FD /* Copy Pods Resources */ = {
			isa = PBXShellScriptBuildPhase;
			buildActionMask = 2147483647;
			files = (
			);
			inputPaths = (
			);
			name = "Copy Pods Resources";
			outputPaths = (
			);
			runOnlyForDeploymentPostprocessing = 0;
			shellPath = /bin/sh;
			shellScript = "\"${SRCROOT}/Pods/Target Support Files/Pods-SearchAndSaveTweet/Pods-SearchAndSaveTweet-resources.sh\"\n";
			showEnvVarsInLog = 0;
		};
/* End PBXShellScriptBuildPhase section */

/* Begin PBXSourcesBuildPhase section */
		1F9F928719DA59A900E2600A /* Sources */ = {
			isa = PBXSourcesBuildPhase;
			buildActionMask = 2147483647;
			files = (
				1F86377619DB806C006D369F /* Constants.m in Sources */,
				1F9F92A119DA59A900E2600A /* AppDelegate.m in Sources */,
				1F9F92A419DA59A900E2600A /* SearchAndSaveTweet.xcdatamodeld in Sources */,
				1F86377919DB9631006D369F /* Tweet.m in Sources */,
				1F86377C19DB9661006D369F /* DetailsViewController.m in Sources */,
				1F9F92C919DA5A6700E2600A /* SearchViewController.m in Sources */,
				1F9F929D19DA59A900E2600A /* main.m in Sources */,
				1F20DA8C19DD04D100E6A09A /* Reachability.m in Sources */,
				1F86377F19DB96A7006D369F /* SavedTweetsList.m in Sources */,
			);
			runOnlyForDeploymentPostprocessing = 0;
		};
		1F9F92A719DA59A900E2600A /* Sources */ = {
			isa = PBXSourcesBuildPhase;
			buildActionMask = 2147483647;
			files = (
				1F9F92BA19DA59A900E2600A /* SearchAndSaveTweetTests.m in Sources */,
			);
			runOnlyForDeploymentPostprocessing = 0;
		};
/* End PBXSourcesBuildPhase section */

/* Begin PBXTargetDependency section */
		1F9F92B219DA59A900E2600A /* PBXTargetDependency */ = {
			isa = PBXTargetDependency;
			target = 1F9F928A19DA59A900E2600A /* SearchAndSaveTweet */;
			targetProxy = 1F9F92B119DA59A900E2600A /* PBXContainerItemProxy */;
		};
/* End PBXTargetDependency section */

/* Begin PBXVariantGroup section */
		1F9F929919DA59A900E2600A /* InfoPlist.strings */ = {
			isa = PBXVariantGroup;
			children = (
				1F9F929A19DA59A900E2600A /* en */,
			);
			name = InfoPlist.strings;
			sourceTree = "<group>";
		};
		1F9F92B619DA59A900E2600A /* InfoPlist.strings */ = {
			isa = PBXVariantGroup;
			children = (
				1F9F92B719DA59A900E2600A /* en */,
			);
			name = InfoPlist.strings;
			sourceTree = "<group>";
		};
/* End PBXVariantGroup section */

/* Begin XCBuildConfiguration section */
		1F9F92BB19DA59A900E2600A /* Debug */ = {
			isa = XCBuildConfiguration;
			buildSettings = {
				ALWAYS_SEARCH_USER_PATHS = NO;
				CLANG_CXX_LANGUAGE_STANDARD = "gnu++0x";
				CLANG_CXX_LIBRARY = "libc++";
				CLANG_ENABLE_MODULES = YES;
				CLANG_ENABLE_OBJC_ARC = YES;
				CLANG_WARN_BOOL_CONVERSION = YES;
				CLANG_WARN_CONSTANT_CONVERSION = YES;
				CLANG_WARN_DIRECT_OBJC_ISA_USAGE = YES_ERROR;
				CLANG_WARN_EMPTY_BODY = YES;
				CLANG_WARN_ENUM_CONVERSION = YES;
				CLANG_WARN_INT_CONVERSION = YES;
				CLANG_WARN_OBJC_ROOT_CLASS = YES_ERROR;
				CLANG_WARN__DUPLICATE_METHOD_MATCH = YES;
				"CODE_SIGN_IDENTITY[sdk=iphoneos*]" = "iPhone Developer";
				COPY_PHASE_STRIP = NO;
				GCC_C_LANGUAGE_STANDARD = gnu99;
				GCC_DYNAMIC_NO_PIC = NO;
				GCC_OPTIMIZATION_LEVEL = 0;
				GCC_PREPROCESSOR_DEFINITIONS = (
					"DEBUG=1",
					"$(inherited)",
				);
				GCC_SYMBOLS_PRIVATE_EXTERN = NO;
				GCC_WARN_64_TO_32_BIT_CONVERSION = YES;
				GCC_WARN_ABOUT_RETURN_TYPE = YES_ERROR;
				GCC_WARN_UNDECLARED_SELECTOR = YES;
				GCC_WARN_UNINITIALIZED_AUTOS = YES_AGGRESSIVE;
				GCC_WARN_UNUSED_FUNCTION = YES;
				GCC_WARN_UNUSED_VARIABLE = YES;
				IPHONEOS_DEPLOYMENT_TARGET = 7.1;
				ONLY_ACTIVE_ARCH = YES;
				SDKROOT = iphoneos;
				TARGETED_DEVICE_FAMILY = "1,2";
			};
			name = Debug;
		};
		1F9F92BC19DA59A900E2600A /* Release */ = {
			isa = XCBuildConfiguration;
			buildSettings = {
				ALWAYS_SEARCH_USER_PATHS = NO;
				CLANG_CXX_LANGUAGE_STANDARD = "gnu++0x";
				CLANG_CXX_LIBRARY = "libc++";
				CLANG_ENABLE_MODULES = YES;
				CLANG_ENABLE_OBJC_ARC = YES;
				CLANG_WARN_BOOL_CONVERSION = YES;
				CLANG_WARN_CONSTANT_CONVERSION = YES;
				CLANG_WARN_DIRECT_OBJC_ISA_USAGE = YES_ERROR;
				CLANG_WARN_EMPTY_BODY = YES;
				CLANG_WARN_ENUM_CONVERSION = YES;
				CLANG_WARN_INT_CONVERSION = YES;
				CLANG_WARN_OBJC_ROOT_CLASS = YES_ERROR;
				CLANG_WARN__DUPLICATE_METHOD_MATCH = YES;
				"CODE_SIGN_IDENTITY[sdk=iphoneos*]" = "iPhone Developer";
				COPY_PHASE_STRIP = YES;
				ENABLE_NS_ASSERTIONS = NO;
				GCC_C_LANGUAGE_STANDARD = gnu99;
				GCC_WARN_64_TO_32_BIT_CONVERSION = YES;
				GCC_WARN_ABOUT_RETURN_TYPE = YES_ERROR;
				GCC_WARN_UNDECLARED_SELECTOR = YES;
				GCC_WARN_UNINITIALIZED_AUTOS = YES_AGGRESSIVE;
				GCC_WARN_UNUSED_FUNCTION = YES;
				GCC_WARN_UNUSED_VARIABLE = YES;
				IPHONEOS_DEPLOYMENT_TARGET = 7.1;
				SDKROOT = iphoneos;
				TARGETED_DEVICE_FAMILY = "1,2";
				VALIDATE_PRODUCT = YES;
			};
			name = Release;
		};
		1F9F92BE19DA59A900E2600A /* Debug */ = {
			isa = XCBuildConfiguration;
			baseConfigurationReference = 715F0C5BC87A18E83688BEF9 /* Pods-SearchAndSaveTweet.debug.xcconfig */;
			buildSettings = {
				ASSETCATALOG_COMPILER_APPICON_NAME = AppIcon;
				ASSETCATALOG_COMPILER_LAUNCHIMAGE_NAME = LaunchImage;
				GCC_PRECOMPILE_PREFIX_HEADER = YES;
				GCC_PREFIX_HEADER = "SearchAndSaveTweet/SearchAndSaveTweet-Prefix.pch";
				INFOPLIST_FILE = "SearchAndSaveTweet/SearchAndSaveTweet-Info.plist";
				PRODUCT_NAME = "$(TARGET_NAME)";
				WRAPPER_EXTENSION = app;
			};
			name = Debug;
		};
		1F9F92BF19DA59A900E2600A /* Release */ = {
			isa = XCBuildConfiguration;
			baseConfigurationReference = 61DF26BE2DDAD8F7CE498860 /* Pods-SearchAndSaveTweet.release.xcconfig */;
			buildSettings = {
				ASSETCATALOG_COMPILER_APPICON_NAME = AppIcon;
				ASSETCATALOG_COMPILER_LAUNCHIMAGE_NAME = LaunchImage;
				GCC_PRECOMPILE_PREFIX_HEADER = YES;
				GCC_PREFIX_HEADER = "SearchAndSaveTweet/SearchAndSaveTweet-Prefix.pch";
				INFOPLIST_FILE = "SearchAndSaveTweet/SearchAndSaveTweet-Info.plist";
				PRODUCT_NAME = "$(TARGET_NAME)";
				WRAPPER_EXTENSION = app;
			};
			name = Release;
		};
		1F9F92C119DA59A900E2600A /* Debug */ = {
			isa = XCBuildConfiguration;
			buildSettings = {
				BUNDLE_LOADER = "$(BUILT_PRODUCTS_DIR)/SearchAndSaveTweet.app/SearchAndSaveTweet";
				FRAMEWORK_SEARCH_PATHS = (
					"$(SDKROOT)/Developer/Library/Frameworks",
					"$(inherited)",
					"$(DEVELOPER_FRAMEWORKS_DIR)",
				);
				GCC_PRECOMPILE_PREFIX_HEADER = YES;
				GCC_PREFIX_HEADER = "SearchAndSaveTweet/SearchAndSaveTweet-Prefix.pch";
				GCC_PREPROCESSOR_DEFINITIONS = (
					"DEBUG=1",
					"$(inherited)",
				);
				INFOPLIST_FILE = "SearchAndSaveTweetTests/SearchAndSaveTweetTests-Info.plist";
				PRODUCT_NAME = "$(TARGET_NAME)";
				TEST_HOST = "$(BUNDLE_LOADER)";
				WRAPPER_EXTENSION = xctest;
			};
			name = Debug;
		};
		1F9F92C219DA59A900E2600A /* Release */ = {
			isa = XCBuildConfiguration;
			buildSettings = {
				BUNDLE_LOADER = "$(BUILT_PRODUCTS_DIR)/SearchAndSaveTweet.app/SearchAndSaveTweet";
				FRAMEWORK_SEARCH_PATHS = (
					"$(SDKROOT)/Developer/Library/Frameworks",
					"$(inherited)",
					"$(DEVELOPER_FRAMEWORKS_DIR)",
				);
				GCC_PRECOMPILE_PREFIX_HEADER = YES;
				GCC_PREFIX_HEADER = "SearchAndSaveTweet/SearchAndSaveTweet-Prefix.pch";
				INFOPLIST_FILE = "SearchAndSaveTweetTests/SearchAndSaveTweetTests-Info.plist";
				PRODUCT_NAME = "$(TARGET_NAME)";
				TEST_HOST = "$(BUNDLE_LOADER)";
				WRAPPER_EXTENSION = xctest;
			};
			name = Release;
		};
/* End XCBuildConfiguration section */

/* Begin XCConfigurationList section */
		1F9F928619DA59A900E2600A /* Build configuration list for PBXProject "SearchAndSaveTweet" */ = {
			isa = XCConfigurationList;
			buildConfigurations = (
				1F9F92BB19DA59A900E2600A /* Debug */,
				1F9F92BC19DA59A900E2600A /* Release */,
			);
			defaultConfigurationIsVisible = 0;
			defaultConfigurationName = Release;
		};
		1F9F92BD19DA59A900E2600A /* Build configuration list for PBXNativeTarget "SearchAndSaveTweet" */ = {
			isa = XCConfigurationList;
			buildConfigurations = (
				1F9F92BE19DA59A900E2600A /* Debug */,
				1F9F92BF19DA59A900E2600A /* Release */,
			);
			defaultConfigurationIsVisible = 0;
			defaultConfigurationName = Release;
		};
		1F9F92C019DA59A900E2600A /* Build configuration list for PBXNativeTarget "SearchAndSaveTweetTests" */ = {
			isa = XCConfigurationList;
			buildConfigurations = (
				1F9F92C119DA59A900E2600A /* Debug */,
				1F9F92C219DA59A900E2600A /* Release */,
			);
			defaultConfigurationIsVisible = 0;
			defaultConfigurationName = Release;
		};
/* End XCConfigurationList section */

/* Begin XCVersionGroup section */
		1F9F92A219DA59A900E2600A /* SearchAndSaveTweet.xcdatamodeld */ = {
			isa = XCVersionGroup;
			children = (
				1F9F92A319DA59A900E2600A /* SearchAndSaveTweet.xcdatamodel */,
			);
			currentVersion = 1F9F92A319DA59A900E2600A /* SearchAndSaveTweet.xcdatamodel */;
			path = SearchAndSaveTweet.xcdatamodeld;
			sourceTree = "<group>";
			versionGroupType = wrapper.xcdatamodel;
		};
/* End XCVersionGroup section */
	};
	rootObject = 1F9F928319DA59A900E2600A /* Project object */;
}
